name: Update flake.lock

on:
  workflow_dispatch:
  schedule:
    - cron: "0 6 * * 1"

jobs:
  update:
    name: Update flake inputs
    runs-on: ubuntu-latest
    permissions:
      contents: write
      pull-requests: write
    steps:
      - uses: actions/checkout@v4

      - uses: DeterminateSystems/determinate-nix-action@v3

      - name: Update flake.lock
        uses: DeterminateSystems/update-flake-lock@main
        with:
          pr-title: "chore(deps): update flake.lock"
          pr-labels: dependencies
          token: ${{ secrets.FLAKE_UPDATE_TOKEN }}
